
Microsoft Visual Studio Solution File, Format Version 12.00
# Visual Studio Version 17
VisualStudioVersion = 17.13.35931.197 d17.13
MinimumVisualStudioVersion = 10.0.40219.1
Project("{FAE04EC0-301F-11D3-BF4B-00C04F79EFBC}") = "EADFirstProjectApi", "EADFirstProjectApi.csproj", "{C54BA5E0-7EDE-4217-9602-409055F1EBA1}"
EndProject
Global
	GlobalSection(SolutionConfigurationPlatforms) = preSolution
		Debug|Any CPU = Debug|Any CPU
		Release|Any CPU = Release|Any CPU
	EndGlobalSection
	GlobalSection(ProjectConfigurationPlatforms) = postSolution
		{C54BA5E0-7EDE-4217-9602-409055F1EBA1}.Debug|Any CPU.ActiveCfg = Debug|Any CPU
		{C54BA5E0-7EDE-4217-9602-409055F1EBA1}.Debug|Any CPU.Build.0 = Debug|Any CPU
		{C54BA5E0-7EDE-4217-9602-409055F1EBA1}.Release|Any CPU.ActiveCfg = Release|Any CPU
		{C54BA5E0-7EDE-4217-9602-409055F1EBA1}.Release|Any CPU.Build.0 = Release|Any CPU
	EndGlobalSection
	GlobalSection(SolutionProperties) = preSolution
		HideSolutionNode = FALSE
	EndGlobalSection
	GlobalSection(ExtensibilityGlobals) = postSolution
		SolutionGuid = {A6CCE56A-9150-4655-8F55-9C1193C9764A}
	EndGlobalSection
EndGlobal
